
Microsoft Visual Studio Solution File, Format Version 12.00
# Visual Studio Version 16
VisualStudioVersion = 16.0.31729.503
MinimumVisualStudioVersion = 10.0.40219.1
Project("{FAE04EC0-301F-11D3-BF4B-00C04F79EFBC}") = "Hausaufgaben Methode", "Hausaufgaben Methode.csproj", "{561C8720-6B08-4886-83A4-9B868E6426A9}"
EndProject
Global
	GlobalSection(SolutionConfigurationPlatforms) = preSolution
		Debug|Any CPU = Debug|Any CPU
		Release|Any CPU = Release|Any CPU
	EndGlobalSection
	GlobalSection(ProjectConfigurationPlatforms) = postSolution
		{561C8720-6B08-4886-83A4-9B868E6426A9}.Debug|Any CPU.ActiveCfg = Debug|Any CPU
		{561C8720-6B08-4886-83A4-9B868E6426A9}.Debug|Any CPU.Build.0 = Debug|Any CPU
		{561C8720-6B08-4886-83A4-9B868E6426A9}.Release|Any CPU.ActiveCfg = Release|Any CPU
		{561C8720-6B08-4886-83A4-9B868E6426A9}.Release|Any CPU.Build.0 = Release|Any CPU
	EndGlobalSection
	GlobalSection(SolutionProperties) = preSolution
		HideSolutionNode = FALSE
	EndGlobalSection
	GlobalSection(ExtensibilityGlobals) = postSolution
		SolutionGuid = {F687D2B3-9D48-47C1-ACE5-2CF3DF853FF4}
	EndGlobalSection
EndGlobal
