
Microsoft Visual Studio Solution File, Format Version 12.00
# Visual Studio Version 16
VisualStudioVersion = 16.0.31729.503
MinimumVisualStudioVersion = 10.0.40219.1
Project("{FAE04EC0-301F-11D3-BF4B-00C04F79EFBC}") = "Prüfung 404 Aufgabe 1", "Prüfung 404 Aufgabe 1.csproj", "{BE50256F-FCC6-4B77-A3BE-EE7DF612110E}"
EndProject
Global
	GlobalSection(SolutionConfigurationPlatforms) = preSolution
		Debug|Any CPU = Debug|Any CPU
		Release|Any CPU = Release|Any CPU
	EndGlobalSection
	GlobalSection(ProjectConfigurationPlatforms) = postSolution
		{BE50256F-FCC6-4B77-A3BE-EE7DF612110E}.Debug|Any CPU.ActiveCfg = Debug|Any CPU
		{BE50256F-FCC6-4B77-A3BE-EE7DF612110E}.Debug|Any CPU.Build.0 = Debug|Any CPU
		{BE50256F-FCC6-4B77-A3BE-EE7DF612110E}.Release|Any CPU.ActiveCfg = Release|Any CPU
		{BE50256F-FCC6-4B77-A3BE-EE7DF612110E}.Release|Any CPU.Build.0 = Release|Any CPU
	EndGlobalSection
	GlobalSection(SolutionProperties) = preSolution
		HideSolutionNode = FALSE
	EndGlobalSection
	GlobalSection(ExtensibilityGlobals) = postSolution
		SolutionGuid = {849F63CE-629B-47CB-B71D-E3D0EEA74826}
	EndGlobalSection
EndGlobal
