
Microsoft Visual Studio Solution File, Format Version 12.00
# Visual Studio Version 16
VisualStudioVersion = 16.0.31702.278
MinimumVisualStudioVersion = 10.0.40219.1
Project("{FAE04EC0-301F-11D3-BF4B-00C04F79EFBC}") = "if-else", "if-else.csproj", "{8BBA1FE1-448C-41CD-BD20-2779A44632D8}"
EndProject
Global
	GlobalSection(SolutionConfigurationPlatforms) = preSolution
		Debug|Any CPU = Debug|Any CPU
		Release|Any CPU = Release|Any CPU
	EndGlobalSection
	GlobalSection(ProjectConfigurationPlatforms) = postSolution
		{8BBA1FE1-448C-41CD-BD20-2779A44632D8}.Debug|Any CPU.ActiveCfg = Debug|Any CPU
		{8BBA1FE1-448C-41CD-BD20-2779A44632D8}.Debug|Any CPU.Build.0 = Debug|Any CPU
		{8BBA1FE1-448C-41CD-BD20-2779A44632D8}.Release|Any CPU.ActiveCfg = Release|Any CPU
		{8BBA1FE1-448C-41CD-BD20-2779A44632D8}.Release|Any CPU.Build.0 = Release|Any CPU
	EndGlobalSection
	GlobalSection(SolutionProperties) = preSolution
		HideSolutionNode = FALSE
	EndGlobalSection
	GlobalSection(ExtensibilityGlobals) = postSolution
		SolutionGuid = {6EAB657A-3FB3-4E45-9FF6-2DFF35B21B1E}
	EndGlobalSection
EndGlobal
