
Microsoft Visual Studio Solution File, Format Version 12.00
# Visual Studio Version 16
VisualStudioVersion = 16.0.31729.503
MinimumVisualStudioVersion = 10.0.40219.1
Project("{FAE04EC0-301F-11D3-BF4B-00C04F79EFBC}") = "Wiederholung", "Wiederholung.csproj", "{9061101E-C81C-4C18-8F94-E9AAA4D950DE}"
EndProject
Global
	GlobalSection(SolutionConfigurationPlatforms) = preSolution
		Debug|Any CPU = Debug|Any CPU
		Release|Any CPU = Release|Any CPU
	EndGlobalSection
	GlobalSection(ProjectConfigurationPlatforms) = postSolution
		{9061101E-C81C-4C18-8F94-E9AAA4D950DE}.Debug|Any CPU.ActiveCfg = Debug|Any CPU
		{9061101E-C81C-4C18-8F94-E9AAA4D950DE}.Debug|Any CPU.Build.0 = Debug|Any CPU
		{9061101E-C81C-4C18-8F94-E9AAA4D950DE}.Release|Any CPU.ActiveCfg = Release|Any CPU
		{9061101E-C81C-4C18-8F94-E9AAA4D950DE}.Release|Any CPU.Build.0 = Release|Any CPU
	EndGlobalSection
	GlobalSection(SolutionProperties) = preSolution
		HideSolutionNode = FALSE
	EndGlobalSection
	GlobalSection(ExtensibilityGlobals) = postSolution
		SolutionGuid = {1516E56E-86DF-4091-9BA3-A1EC8FCC7643}
	EndGlobalSection
EndGlobal
