
Microsoft Visual Studio Solution File, Format Version 12.00
# Visual Studio Version 16
VisualStudioVersion = 16.0.31729.503
MinimumVisualStudioVersion = 10.0.40219.1
Project("{FAE04EC0-301F-11D3-BF4B-00C04F79EFBC}") = "Carlo Kyburz Aufgabe 2", "Carlo Kyburz Aufgabe 2.csproj", "{B0701141-116F-49AF-9123-E5251F2B331C}"
EndProject
Global
	GlobalSection(SolutionConfigurationPlatforms) = preSolution
		Debug|Any CPU = Debug|Any CPU
		Release|Any CPU = Release|Any CPU
	EndGlobalSection
	GlobalSection(ProjectConfigurationPlatforms) = postSolution
		{B0701141-116F-49AF-9123-E5251F2B331C}.Debug|Any CPU.ActiveCfg = Debug|Any CPU
		{B0701141-116F-49AF-9123-E5251F2B331C}.Debug|Any CPU.Build.0 = Debug|Any CPU
		{B0701141-116F-49AF-9123-E5251F2B331C}.Release|Any CPU.ActiveCfg = Release|Any CPU
		{B0701141-116F-49AF-9123-E5251F2B331C}.Release|Any CPU.Build.0 = Release|Any CPU
	EndGlobalSection
	GlobalSection(SolutionProperties) = preSolution
		HideSolutionNode = FALSE
	EndGlobalSection
	GlobalSection(ExtensibilityGlobals) = postSolution
		SolutionGuid = {FD58D849-7344-4161-9F4A-FE6905CD0EE2}
	EndGlobalSection
EndGlobal
