
Microsoft Visual Studio Solution File, Format Version 12.00
# Visual Studio Version 16
VisualStudioVersion = 16.0.31729.503
MinimumVisualStudioVersion = 10.0.40219.1
Project("{FAE04EC0-301F-11D3-BF4B-00C04F79EFBC}") = "Testvorbereitung 2 404", "Testvorbereitung 2 404.csproj", "{6BA6A4BB-F92E-45C4-A70F-8F623633FCAA}"
EndProject
Global
	GlobalSection(SolutionConfigurationPlatforms) = preSolution
		Debug|Any CPU = Debug|Any CPU
		Release|Any CPU = Release|Any CPU
	EndGlobalSection
	GlobalSection(ProjectConfigurationPlatforms) = postSolution
		{6BA6A4BB-F92E-45C4-A70F-8F623633FCAA}.Debug|Any CPU.ActiveCfg = Debug|Any CPU
		{6BA6A4BB-F92E-45C4-A70F-8F623633FCAA}.Debug|Any CPU.Build.0 = Debug|Any CPU
		{6BA6A4BB-F92E-45C4-A70F-8F623633FCAA}.Release|Any CPU.ActiveCfg = Release|Any CPU
		{6BA6A4BB-F92E-45C4-A70F-8F623633FCAA}.Release|Any CPU.Build.0 = Release|Any CPU
	EndGlobalSection
	GlobalSection(SolutionProperties) = preSolution
		HideSolutionNode = FALSE
	EndGlobalSection
	GlobalSection(ExtensibilityGlobals) = postSolution
		SolutionGuid = {75A403E6-9FDD-46C6-B23D-67A9F210B638}
	EndGlobalSection
EndGlobal
