
Microsoft Visual Studio Solution File, Format Version 12.00
# Visual Studio Version 17
VisualStudioVersion = 17.0.31912.275
MinimumVisualStudioVersion = 10.0.40219.1
Project("{FAE04EC0-301F-11D3-BF4B-00C04F79EFBC}") = "Prüfung 404 Aufgabe 2", "Prüfung 404 Aufgabe 2\Prüfung 404 Aufgabe 2.csproj", "{A2105AE7-6A6D-4F6F-B768-1E51DFD1C1C2}"
EndProject
Global
	GlobalSection(SolutionConfigurationPlatforms) = preSolution
		Debug|Any CPU = Debug|Any CPU
		Release|Any CPU = Release|Any CPU
	EndGlobalSection
	GlobalSection(ProjectConfigurationPlatforms) = postSolution
		{A2105AE7-6A6D-4F6F-B768-1E51DFD1C1C2}.Debug|Any CPU.ActiveCfg = Debug|Any CPU
		{A2105AE7-6A6D-4F6F-B768-1E51DFD1C1C2}.Debug|Any CPU.Build.0 = Debug|Any CPU
		{A2105AE7-6A6D-4F6F-B768-1E51DFD1C1C2}.Release|Any CPU.ActiveCfg = Release|Any CPU
		{A2105AE7-6A6D-4F6F-B768-1E51DFD1C1C2}.Release|Any CPU.Build.0 = Release|Any CPU
	EndGlobalSection
	GlobalSection(SolutionProperties) = preSolution
		HideSolutionNode = FALSE
	EndGlobalSection
	GlobalSection(ExtensibilityGlobals) = postSolution
		SolutionGuid = {095012C2-2AE7-499D-BE35-BD197461B1F6}
	EndGlobalSection
EndGlobal
