
Microsoft Visual Studio Solution File, Format Version 12.00
# Visual Studio Version 16
VisualStudioVersion = 16.0.31729.503
MinimumVisualStudioVersion = 10.0.40219.1
Project("{FAE04EC0-301F-11D3-BF4B-00C04F79EFBC}") = "Prüfung 404 Aufgabe 2", "Prüfung 404 Aufgabe 2.csproj", "{4BF9F2D7-C922-44DC-A83A-EE02958354A1}"
EndProject
Global
	GlobalSection(SolutionConfigurationPlatforms) = preSolution
		Debug|Any CPU = Debug|Any CPU
		Release|Any CPU = Release|Any CPU
	EndGlobalSection
	GlobalSection(ProjectConfigurationPlatforms) = postSolution
		{4BF9F2D7-C922-44DC-A83A-EE02958354A1}.Debug|Any CPU.ActiveCfg = Debug|Any CPU
		{4BF9F2D7-C922-44DC-A83A-EE02958354A1}.Debug|Any CPU.Build.0 = Debug|Any CPU
		{4BF9F2D7-C922-44DC-A83A-EE02958354A1}.Release|Any CPU.ActiveCfg = Release|Any CPU
		{4BF9F2D7-C922-44DC-A83A-EE02958354A1}.Release|Any CPU.Build.0 = Release|Any CPU
	EndGlobalSection
	GlobalSection(SolutionProperties) = preSolution
		HideSolutionNode = FALSE
	EndGlobalSection
	GlobalSection(ExtensibilityGlobals) = postSolution
		SolutionGuid = {0630FCAA-5F1C-4A99-A31C-67FE2BBCFA1F}
	EndGlobalSection
EndGlobal
