
Microsoft Visual Studio Solution File, Format Version 12.00
# Visual Studio Version 17
VisualStudioVersion = 17.0.31912.275
MinimumVisualStudioVersion = 10.0.40219.1
Project("{FAE04EC0-301F-11D3-BF4B-00C04F79EFBC}") = "Aufgabe 2 Prüfung Carlo Kyburz", "Aufgabe 2 Prüfung Carlo Kyburz\Aufgabe 2 Prüfung Carlo Kyburz.csproj", "{A07CB446-7907-4923-B4CB-B941DCB94430}"
EndProject
Global
	GlobalSection(SolutionConfigurationPlatforms) = preSolution
		Debug|Any CPU = Debug|Any CPU
		Release|Any CPU = Release|Any CPU
	EndGlobalSection
	GlobalSection(ProjectConfigurationPlatforms) = postSolution
		{A07CB446-7907-4923-B4CB-B941DCB94430}.Debug|Any CPU.ActiveCfg = Debug|Any CPU
		{A07CB446-7907-4923-B4CB-B941DCB94430}.Debug|Any CPU.Build.0 = Debug|Any CPU
		{A07CB446-7907-4923-B4CB-B941DCB94430}.Release|Any CPU.ActiveCfg = Release|Any CPU
		{A07CB446-7907-4923-B4CB-B941DCB94430}.Release|Any CPU.Build.0 = Release|Any CPU
	EndGlobalSection
	GlobalSection(SolutionProperties) = preSolution
		HideSolutionNode = FALSE
	EndGlobalSection
	GlobalSection(ExtensibilityGlobals) = postSolution
		SolutionGuid = {F659BBA6-4780-4B63-9B3A-ACCFD655F099}
	EndGlobalSection
EndGlobal
